
Microsoft Visual Studio Solution File, Format Version 12.00
# Visual Studio 15
VisualStudioVersion = 15.0.26730.16
MinimumVisualStudioVersion = 15.0.26124.0
Project("{9A19103F-16F7-4668-BE54-9A1E7A4F7556}") = "ToDo.Web", "ToDo.Web\ToDo.Web.csproj", "{501A14F1-211F-4FE0-AC1B-378F6A073989}"
EndProject
Project("{9A19103F-16F7-4668-BE54-9A1E7A4F7556}") = "ToDo.Web.Test", "ToDo.Web.Test\ToDo.Web.Test.csproj", "{93E70998-E9D4-4291-887E-320B688A6772}"
EndProject
Global
	GlobalSection(SolutionConfigurationPlatforms) = preSolution
		Debug|Any CPU = Debug|Any CPU
		Debug|x64 = Debug|x64
		Debug|x86 = Debug|x86
		Release|Any CPU = Release|Any CPU
		Release|x64 = Release|x64
		Release|x86 = Release|x86
	EndGlobalSection
	GlobalSection(ProjectConfigurationPlatforms) = postSolution
		{501A14F1-211F-4FE0-AC1B-378F6A073989}.Debug|Any CPU.ActiveCfg = Debug|Any CPU
		{501A14F1-211F-4FE0-AC1B-378F6A073989}.Debug|Any CPU.Build.0 = Debug|Any CPU
		{501A14F1-211F-4FE0-AC1B-378F6A073989}.Debug|x64.ActiveCfg = Debug|Any CPU
		{501A14F1-211F-4FE0-AC1B-378F6A073989}.Debug|x64.Build.0 = Debug|Any CPU
		{501A14F1-211F-4FE0-AC1B-378F6A073989}.Debug|x86.ActiveCfg = Debug|Any CPU
		{501A14F1-211F-4FE0-AC1B-378F6A073989}.Debug|x86.Build.0 = Debug|Any CPU
		{501A14F1-211F-4FE0-AC1B-378F6A073989}.Release|Any CPU.ActiveCfg = Release|Any CPU
		{501A14F1-211F-4FE0-AC1B-378F6A073989}.Release|Any CPU.Build.0 = Release|Any CPU
		{501A14F1-211F-4FE0-AC1B-378F6A073989}.Release|x64.ActiveCfg = Release|Any CPU
		{501A14F1-211F-4FE0-AC1B-378F6A073989}.Release|x64.Build.0 = Release|Any CPU
		{501A14F1-211F-4FE0-AC1B-378F6A073989}.Release|x86.ActiveCfg = Release|Any CPU
		{501A14F1-211F-4FE0-AC1B-378F6A073989}.Release|x86.Build.0 = Release|Any CPU
		{93E70998-E9D4-4291-887E-320B688A6772}.Debug|Any CPU.ActiveCfg = Debug|Any CPU
		{93E70998-E9D4-4291-887E-320B688A6772}.Debug|Any CPU.Build.0 = Debug|Any CPU
		{93E70998-E9D4-4291-887E-320B688A6772}.Debug|x64.ActiveCfg = Debug|Any CPU
		{93E70998-E9D4-4291-887E-320B688A6772}.Debug|x64.Build.0 = Debug|Any CPU
		{93E70998-E9D4-4291-887E-320B688A6772}.Debug|x86.ActiveCfg = Debug|Any CPU
		{93E70998-E9D4-4291-887E-320B688A6772}.Debug|x86.Build.0 = Debug|Any CPU
		{93E70998-E9D4-4291-887E-320B688A6772}.Release|Any CPU.ActiveCfg = Release|Any CPU
		{93E70998-E9D4-4291-887E-320B688A6772}.Release|Any CPU.Build.0 = Release|Any CPU
		{93E70998-E9D4-4291-887E-320B688A6772}.Release|x64.ActiveCfg = Release|Any CPU
		{93E70998-E9D4-4291-887E-320B688A6772}.Release|x64.Build.0 = Release|Any CPU
		{93E70998-E9D4-4291-887E-320B688A6772}.Release|x86.ActiveCfg = Release|Any CPU
		{93E70998-E9D4-4291-887E-320B688A6772}.Release|x86.Build.0 = Release|Any CPU
	EndGlobalSection
	GlobalSection(SolutionProperties) = preSolution
		HideSolutionNode = FALSE
	EndGlobalSection
	GlobalSection(ExtensibilityGlobals) = postSolution
		SolutionGuid = {FA6E9BDB-23D7-47F5-A215-E7D7C2F8BDD6}
	EndGlobalSection
EndGlobal
